// !$*UTF8*$!
{
	archiveVersion = 1;
	classes = {
	};
	objectVersion = 77;
	objects = {

/* Begin PBXContainerItemProxy section */
		556C66F02DC79E700016F76D /* PBXContainerItemProxy */ = {
			isa = PBXContainerItemProxy;
			containerPortal = 556C66D92DC79E6F0016F76D /* Project object */;
			proxyType = 1;
			remoteGlobalIDString = 556C66E02DC79E6F0016F76D;
			remoteInfo = Malla;
		};
		556C66FA2DC79E700016F76D /* PBXContainerItemProxy */ = {
			isa = PBXContainerItemProxy;
			containerPortal = 556C66D92DC79E6F0016F76D /* Project object */;
			proxyType = 1;
			remoteGlobalIDString = 556C66E02DC79E6F0016F76D;
			remoteInfo = Malla;
		};
/* End PBXContainerItemProxy section */

/* Begin PBXFileReference section */
		556C66E12DC79E6F0016F76D /* Malla.app */ = {isa = PBXFileReference; explicitFileType = wrapper.application; includeInIndex = 0; path = Malla.app; sourceTree = BUILT_PRODUCTS_DIR; };
		556C66EF2DC79E700016F76D /* MallaTests.xctest */ = {isa = PBXFileReference; explicitFileType = wrapper.cfbundle; includeInIndex = 0; path = MallaTests.xctest; sourceTree = BUILT_PRODUCTS_DIR; };
		556C66F92DC79E700016F76D /* MallaUITests.xctest */ = {isa = PBXFileReference; explicitFileType = wrapper.cfbundle; includeInIndex = 0; path = MallaUITests.xctest; sourceTree = BUILT_PRODUCTS_DIR; };
/* End PBXFileReference section */

/* Begin PBXFileSystemSynchronizedRootGroup section */
		556C66E32DC79E6F0016F76D /* Malla */ = {
			isa = PBXFileSystemSynchronizedRootGroup;
			path = Malla;
			sourceTree = "<group>";
		};
		556C66F22DC79E700016F76D /* MallaTests */ = {
			isa = PBXFileSystemSynchronizedRootGroup;
			path = MallaTests;
			sourceTree = "<group>";
		};
		556C66FC2DC79E700016F76D /* MallaUITests */ = {
			isa = PBXFileSystemSynchronizedRootGroup;
			path = MallaUITests;
			sourceTree = "<group>";
		};
/* End PBXFileSystemSynchronizedRootGroup section */

/* Begin PBXFrameworksBuildPhase section */
		556C66DE2DC79E6F0016F76D /* Frameworks */ = {
			isa = PBXFrameworksBuildPhase;
			buildActionMask = 2147483647;
			files = (
			);
			runOnlyForDeploymentPostprocessing = 0;
		};
		556C66EC2DC79E700016F76D /* Frameworks */ = {
			isa = PBXFrameworksBuildPhase;
			buildActionMask = 2147483647;
			files = (
			);
			runOnlyForDeploymentPostprocessing = 0;
		};
		556C66F62DC79E700016F76D /* Frameworks */ = {
			isa = PBXFrameworksBuildPhase;
			buildActionMask = 2147483647;
			files = (
			);
			runOnlyForDeploymentPostprocessing = 0;
		};
/* End PBXFrameworksBuildPhase section */

/* Begin PBXGroup section */
		556C66D82DC79E6F0016F76D = {
			isa = PBXGroup;
			children = (
				556C66E32DC79E6F0016F76D /* Malla */,
				556C66F22DC79E700016F76D /* MallaTests */,
				556C66FC2DC79E700016F76D /* MallaUITests */,
				556C66E22DC79E6F0016F76D /* Products */,
			);
			sourceTree = "<group>";
		};
		556C66E22DC79E6F0016F76D /* Products */ = {
			isa = PBXGroup;
			children = (
				556C66E12DC79E6F0016F76D /* Malla.app */,
				556C66EF2DC79E700016F76D /* MallaTests.xctest */,
				556C66F92DC79E700016F76D /* MallaUITests.xctest */,
			);
			name = Products;
			sourceTree = "<group>";
		};
/* End PBXGroup section */

/* Begin PBXNativeTarget section */
		556C66E02DC79E6F0016F76D /* Malla */ = {
			isa = PBXNativeTarget;
			buildConfigurationList = 556C67032DC79E700016F76D /* Build configuration list for PBXNativeTarget "Malla" */;
			buildPhases = (
				556C66DD2DC79E6F0016F76D /* Sources */,
				556C66DE2DC79E6F0016F76D /* Frameworks */,
				556C66DF2DC79E6F0016F76D /* Resources */,
			);
			buildRules = (
			);
			dependencies = (
			);
			fileSystemSynchronizedGroups = (
				556C66E32DC79E6F0016F76D /* Malla */,
			);
			name = Malla;
			packageProductDependencies = (
			);
			productName = Malla;
			productReference = 556C66E12DC79E6F0016F76D /* Malla.app */;
			productType = "com.apple.product-type.application";
		};
		556C66EE2DC79E700016F76D /* MallaTests */ = {
			isa = PBXNativeTarget;
			buildConfigurationList = 556C67062DC79E700016F76D /* Build configuration list for PBXNativeTarget "MallaTests" */;
			buildPhases = (
				556C66EB2DC79E700016F76D /* Sources */,
				556C66EC2DC79E700016F76D /* Frameworks */,
				556C66ED2DC79E700016F76D /* Resources */,
			);
			buildRules = (
			);
			dependencies = (
				556C66F12DC79E700016F76D /* PBXTargetDependency */,
			);
			fileSystemSynchronizedGroups = (
				556C66F22DC79E700016F76D /* MallaTests */,
			);
			name = MallaTests;
			packageProductDependencies = (
			);
			productName = MallaTests;
			productReference = 556C66EF2DC79E700016F76D /* MallaTests.xctest */;
			productType = "com.apple.product-type.bundle.unit-test";
		};
		556C66F82DC79E700016F76D /* MallaUITests */ = {
			isa = PBXNativeTarget;
			buildConfigurationList = 556C67092DC79E700016F76D /* Build configuration list for PBXNativeTarget "MallaUITests" */;
			buildPhases = (
				556C66F52DC79E700016F76D /* Sources */,
				556C66F62DC79E700016F76D /* Frameworks */,
				556C66F72DC79E700016F76D /* Resources */,
			);
			buildRules = (
			);
			dependencies = (
				556C66FB2DC79E700016F76D /* PBXTargetDependency */,
			);
			fileSystemSynchronizedGroups = (
				556C66FC2DC79E700016F76D /* MallaUITests */,
			);
			name = MallaUITests;
			packageProductDependencies = (
			);
			productName = MallaUITests;
			productReference = 556C66F92DC79E700016F76D /* MallaUITests.xctest */;
			productType = "com.apple.product-type.bundle.ui-testing";
		};
/* End PBXNativeTarget section */

/* Begin PBXProject section */
		556C66D92DC79E6F0016F76D /* Project object */ = {
			isa = PBXProject;
			attributes = {
				BuildIndependentTargetsInParallel = 1;
				LastSwiftUpdateCheck = 1630;
				LastUpgradeCheck = 1630;
				TargetAttributes = {
					556C66E02DC79E6F0016F76D = {
						CreatedOnToolsVersion = 16.3;
					};
					556C66EE2DC79E700016F76D = {
						CreatedOnToolsVersion = 16.3;
						TestTargetID = 556C66E02DC79E6F0016F76D;
					};
					556C66F82DC79E700016F76D = {
						CreatedOnToolsVersion = 16.3;
						TestTargetID = 556C66E02DC79E6F0016F76D;
					};
				};
			};
			buildConfigurationList = 556C66DC2DC79E6F0016F76D /* Build configuration list for PBXProject "Malla" */;
			developmentRegion = en;
			hasScannedForEncodings = 0;
			knownRegions = (
				en,
				Base,
			);
			mainGroup = 556C66D82DC79E6F0016F76D;
			minimizedProjectReferenceProxies = 1;
			preferredProjectObjectVersion = 77;
			productRefGroup = 556C66E22DC79E6F0016F76D /* Products */;
			projectDirPath = "";
			projectRoot = "";
			targets = (
				556C66E02DC79E6F0016F76D /* Malla */,
				556C66EE2DC79E700016F76D /* MallaTests */,
				556C66F82DC79E700016F76D /* MallaUITests */,
			);
		};
/* End PBXProject section */

/* Begin PBXResourcesBuildPhase section */
		556C66DF2DC79E6F0016F76D /* Resources */ = {
			isa = PBXResourcesBuildPhase;
			buildActionMask = 2147483647;
			files = (
			);
			runOnlyForDeploymentPostprocessing = 0;
		};
		556C66ED2DC79E700016F76D /* Resources */ = {
			isa = PBXResourcesBuildPhase;
			buildActionMask = 2147483647;
			files = (
			);
			runOnlyForDeploymentPostprocessing = 0;
		};
		556C66F72DC79E700016F76D /* Resources */ = {
			isa = PBXResourcesBuildPhase;
			buildActionMask = 2147483647;
			files = (
			);
			runOnlyForDeploymentPostprocessing = 0;
		};
/* End PBXResourcesBuildPhase section */

/* Begin PBXSourcesBuildPhase section */
		556C66DD2DC79E6F0016F76D /* Sources */ = {
			isa = PBXSourcesBuildPhase;
			buildActionMask = 2147483647;
			files = (
			);
			runOnlyForDeploymentPostprocessing = 0;
		};
		556C66EB2DC79E700016F76D /* Sources */ = {
			isa = PBXSourcesBuildPhase;
			buildActionMask = 2147483647;
			files = (
			);
			runOnlyForDeploymentPostprocessing = 0;
		};
		556C66F52DC79E700016F76D /* Sources */ = {
			isa = PBXSourcesBuildPhase;
			buildActionMask = 2147483647;
			files = (
			);
			runOnlyForDeploymentPostprocessing = 0;
		};
/* End PBXSourcesBuildPhase section */

/* Begin PBXTargetDependency section */
		556C66F12DC79E700016F76D /* PBXTargetDependency */ = {
			isa = PBXTargetDependency;
			target = 556C66E02DC79E6F0016F76D /* Malla */;
			targetProxy = 556C66F02DC79E700016F76D /* PBXContainerItemProxy */;
		};
		556C66FB2DC79E700016F76D /* PBXTargetDependency */ = {
			isa = PBXTargetDependency;
			target = 556C66E02DC79E6F0016F76D /* Malla */;
			targetProxy = 556C66FA2DC79E700016F76D /* PBXContainerItemProxy */;
		};
/* End PBXTargetDependency section */

/* Begin XCBuildConfiguration section */
		556C67012DC79E700016F76D /* Debug */ = {
			isa = XCBuildConfiguration;
			buildSettings = {
				ALWAYS_SEARCH_USER_PATHS = NO;
				ASSETCATALOG_COMPILER_GENERATE_SWIFT_ASSET_SYMBOL_EXTENSIONS = YES;
				CLANG_ANALYZER_NONNULL = YES;
				CLANG_ANALYZER_NUMBER_OBJECT_CONVERSION = YES_AGGRESSIVE;
				CLANG_CXX_LANGUAGE_STANDARD = "gnu++20";
				CLANG_ENABLE_MODULES = YES;
				CLANG_ENABLE_OBJC_ARC = YES;
				CLANG_ENABLE_OBJC_WEAK = YES;
				CLANG_WARN_BLOCK_CAPTURE_AUTORELEASING = YES;
				CLANG_WARN_BOOL_CONVERSION = YES;
				CLANG_WARN_COMMA = YES;
				CLANG_WARN_CONSTANT_CONVERSION = YES;
				CLANG_WARN_DEPRECATED_OBJC_IMPLEMENTATIONS = YES;
				CLANG_WARN_DIRECT_OBJC_ISA_USAGE = YES_ERROR;
				CLANG_WARN_DOCUMENTATION_COMMENTS = YES;
				CLANG_WARN_EMPTY_BODY = YES;
				CLANG_WARN_ENUM_CONVERSION = YES;
				CLANG_WARN_INFINITE_RECURSION = YES;
				CLANG_WARN_INT_CONVERSION = YES;
				CLANG_WARN_NON_LITERAL_NULL_CONVERSION = YES;
				CLANG_WARN_OBJC_IMPLICIT_RETAIN_SELF = YES;
				CLANG_WARN_OBJC_LITERAL_CONVERSION = YES;
				CLANG_WARN_OBJC_ROOT_CLASS = YES_ERROR;
				CLANG_WARN_QUOTED_INCLUDE_IN_FRAMEWORK_HEADER = YES;
				CLANG_WARN_RANGE_LOOP_ANALYSIS = YES;
				CLANG_WARN_STRICT_PROTOTYPES = YES;
				CLANG_WARN_SUSPICIOUS_MOVE = YES;
				CLANG_WARN_UNGUARDED_AVAILABILITY = YES_AGGRESSIVE;
				CLANG_WARN_UNREACHABLE_CODE = YES;
				CLANG_WARN__DUPLICATE_METHOD_MATCH = YES;
				COPY_PHASE_STRIP = NO;
				DEBUG_INFORMATION_FORMAT = dwarf;
				ENABLE_STRICT_OBJC_MSGSEND = YES;
				ENABLE_TESTABILITY = YES;
				ENABLE_USER_SCRIPT_SANDBOXING = YES;
				GCC_C_LANGUAGE_STANDARD = gnu17;
				GCC_DYNAMIC_NO_PIC = NO;
				GCC_NO_COMMON_BLOCKS = YES;
				GCC_OPTIMIZATION_LEVEL = 0;
				GCC_PREPROCESSOR_DEFINITIONS = (
					"DEBUG=1",
					"$(inherited)",
				);
				GCC_WARN_64_TO_32_BIT_CONVERSION = YES;
				GCC_WARN_ABOUT_RETURN_TYPE = YES_ERROR;
				GCC_WARN_UNDECLARED_SELECTOR = YES;
				GCC_WARN_UNINITIALIZED_AUTOS = YES_AGGRESSIVE;
				GCC_WARN_UNUSED_FUNCTION = YES;
				GCC_WARN_UNUSED_VARIABLE = YES;
				LOCALIZATION_PREFERS_STRING_CATALOGS = YES;
				MACOSX_DEPLOYMENT_TARGET = 15.4;
				MTL_ENABLE_DEBUG_INFO = INCLUDE_SOURCE;
				MTL_FAST_MATH = YES;
				ONLY_ACTIVE_ARCH = YES;
				SDKROOT = macosx;
				SWIFT_ACTIVE_COMPILATION_CONDITIONS = "DEBUG $(inherited)";
				SWIFT_OPTIMIZATION_LEVEL = "-Onone";
			};
			name = Debug;
		};
		556C67022DC79E700016F76D /* Release */ = {
			isa = XCBuildConfiguration;
			buildSettings = {
				ALWAYS_SEARCH_USER_PATHS = NO;
				ASSETCATALOG_COMPILER_GENERATE_SWIFT_ASSET_SYMBOL_EXTENSIONS = YES;
				CLANG_ANALYZER_NONNULL = YES;
				CLANG_ANALYZER_NUMBER_OBJECT_CONVERSION = YES_AGGRESSIVE;
				CLANG_CXX_LANGUAGE_STANDARD = "gnu++20";
				CLANG_ENABLE_MODULES = YES;
				CLANG_ENABLE_OBJC_ARC = YES;
				CLANG_ENABLE_OBJC_WEAK = YES;
				CLANG_WARN_BLOCK_CAPTURE_AUTORELEASING = YES;
				CLANG_WARN_BOOL_CONVERSION = YES;
				CLANG_WARN_COMMA = YES;
				CLANG_WARN_CONSTANT_CONVERSION = YES;
				CLANG_WARN_DEPRECATED_OBJC_IMPLEMENTATIONS = YES;
				CLANG_WARN_DIRECT_OBJC_ISA_USAGE = YES_ERROR;
				CLANG_WARN_DOCUMENTATION_COMMENTS = YES;
				CLANG_WARN_EMPTY_BODY = YES;
				CLANG_WARN_ENUM_CONVERSION = YES;
				CLANG_WARN_INFINITE_RECURSION = YES;
				CLANG_WARN_INT_CONVERSION = YES;
				CLANG_WARN_NON_LITERAL_NULL_CONVERSION = YES;
				CLANG_WARN_OBJC_IMPLICIT_RETAIN_SELF = YES;
				CLANG_WARN_OBJC_LITERAL_CONVERSION = YES;
				CLANG_WARN_OBJC_ROOT_CLASS = YES_ERROR;
				CLANG_WARN_QUOTED_INCLUDE_IN_FRAMEWORK_HEADER = YES;
				CLANG_WARN_RANGE_LOOP_ANALYSIS = YES;
				CLANG_WARN_STRICT_PROTOTYPES = YES;
				CLANG_WARN_SUSPICIOUS_MOVE = YES;
				CLANG_WARN_UNGUARDED_AVAILABILITY = YES_AGGRESSIVE;
				CLANG_WARN_UNREACHABLE_CODE = YES;
				CLANG_WARN__DUPLICATE_METHOD_MATCH = YES;
				COPY_PHASE_STRIP = NO;
				DEBUG_INFORMATION_FORMAT = "dwarf-with-dsym";
				ENABLE_NS_ASSERTIONS = NO;
				ENABLE_STRICT_OBJC_MSGSEND = YES;
				ENABLE_USER_SCRIPT_SANDBOXING = YES;
				GCC_C_LANGUAGE_STANDARD = gnu17;
				GCC_NO_COMMON_BLOCKS = YES;
				GCC_WARN_64_TO_32_BIT_CONVERSION = YES;
				GCC_WARN_ABOUT_RETURN_TYPE = YES_ERROR;
				GCC_WARN_UNDECLARED_SELECTOR = YES;
				GCC_WARN_UNINITIALIZED_AUTOS = YES_AGGRESSIVE;
				GCC_WARN_UNUSED_FUNCTION = YES;
				GCC_WARN_UNUSED_VARIABLE = YES;
				LOCALIZATION_PREFERS_STRING_CATALOGS = YES;
				MACOSX_DEPLOYMENT_TARGET = 15.4;
				MTL_ENABLE_DEBUG_INFO = NO;
				MTL_FAST_MATH = YES;
				SDKROOT = macosx;
				SWIFT_COMPILATION_MODE = wholemodule;
			};
			name = Release;
		};
		556C67042DC79E700016F76D /* Debug */ = {
			isa = XCBuildConfiguration;
			buildSettings = {
				ASSETCATALOG_COMPILER_APPICON_NAME = AppIcon;
				ASSETCATALOG_COMPILER_GLOBAL_ACCENT_COLOR_NAME = AccentColor;
				CODE_SIGN_ENTITLEMENTS = Malla/Malla.entitlements;
				CODE_SIGN_STYLE = Automatic;
				COMBINE_HIDPI_IMAGES = YES;
				CURRENT_PROJECT_VERSION = 1;
				ENABLE_PREVIEWS = YES;
				GENERATE_INFOPLIST_FILE = YES;
				INFOPLIST_KEY_NSHumanReadableCopyright = "";
				LD_RUNPATH_SEARCH_PATHS = (
					"$(inherited)",
					"@executable_path/../Frameworks",
				);
				MARKETING_VERSION = 1.0;
				PRODUCT_BUNDLE_IDENTIFIER = app.malla.Malla;
				PRODUCT_NAME = "$(TARGET_NAME)";
				REGISTER_APP_GROUPS = YES;
				SWIFT_EMIT_LOC_STRINGS = YES;
				SWIFT_VERSION = 5.0;
			};
			name = Debug;
		};
		556C67052DC79E700016F76D /* Release */ = {
			isa = XCBuildConfiguration;
			buildSettings = {
				ASSETCATALOG_COMPILER_APPICON_NAME = AppIcon;
				ASSETCATALOG_COMPILER_GLOBAL_ACCENT_COLOR_NAME = AccentColor;
				CODE_SIGN_ENTITLEMENTS = Malla/Malla.entitlements;
				CODE_SIGN_STYLE = Automatic;
				COMBINE_HIDPI_IMAGES = YES;
				CURRENT_PROJECT_VERSION = 1;
				ENABLE_PREVIEWS = YES;
				GENERATE_INFOPLIST_FILE = YES;
				INFOPLIST_KEY_NSHumanReadableCopyright = "";
				LD_RUNPATH_SEARCH_PATHS = (
					"$(inherited)",
					"@executable_path/../Frameworks",
				);
				MARKETING_VERSION = 1.0;
				PRODUCT_BUNDLE_IDENTIFIER = app.malla.Malla;
				PRODUCT_NAME = "$(TARGET_NAME)";
				REGISTER_APP_GROUPS = YES;
				SWIFT_EMIT_LOC_STRINGS = YES;
				SWIFT_VERSION = 5.0;
			};
			name = Release;
		};
		556C67072DC79E700016F76D /* Debug */ = {
			isa = XCBuildConfiguration;
			buildSettings = {
				BUNDLE_LOADER = "$(TEST_HOST)";
				CODE_SIGN_STYLE = Automatic;
				CURRENT_PROJECT_VERSION = 1;
				GENERATE_INFOPLIST_FILE = YES;
				MACOSX_DEPLOYMENT_TARGET = 15.4;
				MARKETING_VERSION = 1.0;
				PRODUCT_BUNDLE_IDENTIFIER = app.malla.MallaTests;
				PRODUCT_NAME = "$(TARGET_NAME)";
				SWIFT_EMIT_LOC_STRINGS = NO;
				SWIFT_VERSION = 5.0;
				TEST_HOST = "$(BUILT_PRODUCTS_DIR)/Malla.app/$(BUNDLE_EXECUTABLE_FOLDER_PATH)/Malla";
			};
			name = Debug;
		};
		556C67082DC79E700016F76D /* Release */ = {
			isa = XCBuildConfiguration;
			buildSettings = {
				BUNDLE_LOADER = "$(TEST_HOST)";
				CODE_SIGN_STYLE = Automatic;
				CURRENT_PROJECT_VERSION = 1;
				GENERATE_INFOPLIST_FILE = YES;
				MACOSX_DEPLOYMENT_TARGET = 15.4;
				MARKETING_VERSION = 1.0;
				PRODUCT_BUNDLE_IDENTIFIER = app.malla.MallaTests;
				PRODUCT_NAME = "$(TARGET_NAME)";
				SWIFT_EMIT_LOC_STRINGS = NO;
				SWIFT_VERSION = 5.0;
				TEST_HOST = "$(BUILT_PRODUCTS_DIR)/Malla.app/$(BUNDLE_EXECUTABLE_FOLDER_PATH)/Malla";
			};
			name = Release;
		};
		556C670A2DC79E700016F76D /* Debug */ = {
			isa = XCBuildConfiguration;
			buildSettings = {
				CODE_SIGN_STYLE = Automatic;
				CURRENT_PROJECT_VERSION = 1;
				GENERATE_INFOPLIST_FILE = YES;
				MARKETING_VERSION = 1.0;
				PRODUCT_BUNDLE_IDENTIFIER = app.malla.MallaUITests;
				PRODUCT_NAME = "$(TARGET_NAME)";
				SWIFT_EMIT_LOC_STRINGS = NO;
				SWIFT_VERSION = 5.0;
				TEST_TARGET_NAME = Malla;
			};
			name = Debug;
		};
		556C670B2DC79E700016F76D /* Release */ = {
			isa = XCBuildConfiguration;
			buildSettings = {
				CODE_SIGN_STYLE = Automatic;
				CURRENT_PROJECT_VERSION = 1;
				GENERATE_INFOPLIST_FILE = YES;
				MARKETING_VERSION = 1.0;
				PRODUCT_BUNDLE_IDENTIFIER = app.malla.MallaUITests;
				PRODUCT_NAME = "$(TARGET_NAME)";
				SWIFT_EMIT_LOC_STRINGS = NO;
				SWIFT_VERSION = 5.0;
				TEST_TARGET_NAME = Malla;
			};
			name = Release;
		};
/* End XCBuildConfiguration section */

/* Begin XCConfigurationList section */
		556C66DC2DC79E6F0016F76D /* Build configuration list for PBXProject "Malla" */ = {
			isa = XCConfigurationList;
			buildConfigurations = (
				556C67012DC79E700016F76D /* Debug */,
				556C67022DC79E700016F76D /* Release */,
			);
			defaultConfigurationIsVisible = 0;
			defaultConfigurationName = Release;
		};
		556C67032DC79E700016F76D /* Build configuration list for PBXNativeTarget "Malla" */ = {
			isa = XCConfigurationList;
			buildConfigurations = (
				556C67042DC79E700016F76D /* Debug */,
				556C67052DC79E700016F76D /* Release */,
			);
			defaultConfigurationIsVisible = 0;
			defaultConfigurationName = Release;
		};
		556C67062DC79E700016F76D /* Build configuration list for PBXNativeTarget "MallaTests" */ = {
			isa = XCConfigurationList;
			buildConfigurations = (
				556C67072DC79E700016F76D /* Debug */,
				556C67082DC79E700016F76D /* Release */,
			);
			defaultConfigurationIsVisible = 0;
			defaultConfigurationName = Release;
		};
		556C67092DC79E700016F76D /* Build configuration list for PBXNativeTarget "MallaUITests" */ = {
			isa = XCConfigurationList;
			buildConfigurations = (
				556C670A2DC79E700016F76D /* Debug */,
				556C670B2DC79E700016F76D /* Release */,
			);
			defaultConfigurationIsVisible = 0;
			defaultConfigurationName = Release;
		};
/* End XCConfigurationList section */
	};
	rootObject = 556C66D92DC79E6F0016F76D /* Project object */;
}
